github.com/go-delve/delve v1.24.0 h1:M1auuI7kyfXZm5LMDQEqhqr4koKWOzGKhCgwMxsLQfo=
github.com/go-delve/delve v1.24.0/go.mod h1:yNWXOuo4yslMOOj7O8gIRrf/trDBrFy5ZXwJL4ZzOos=
github.com/golang-jwt/jwt v3.2.2+incompatible h1:IfV12K8xAKAnZqdXVzCZ+TOjboZ2keLg81eXfW3O+oY=
github.com/golang-jwt/jwt v3.2.2+incompatible/go.mod h1:8pz2t5EyA70fFQQSrl6XZXzqecmYZeUEB8OUGHkxJ+I=
github.com/gorilla/mux v1.8.1 h1:TuBL49tXwgrFYWhqrNgrUNEY92u81SPhu7sTdzQEiWY=
github.com/gorilla/mux v1.8.1/go.mod h1:AKf9I4AEqPTmMytcMc0KkNouC66V3BtZ4qD5fmWSiMQ=
